lockfileVersion: '9.0'

settings:
  autoInstallPeers: true
  excludeLinksFromLockfile: false

importers:

  .:
    dependencies:
      '@prisma/client':
        specifier: ^7.9.0
        version: 7.9.0

packages:

  '@prisma/client-runtime-utils@7.9.0':
    resolution: {integrity: sha512-kMVmS4ZEy3xlkca+TfxOEm/ToVVlOS2x1Tc6/wIRf/HfczBqENtSPcKszy4ZpFNzjJ8SRKvlU5V0rrpoFw2KOg==}

  '@prisma/client@7.9.0':
    resolution: {integrity: sha512-BTG/mB+WL/1sD2gWwdNc2uuVJjNNBgCDlPFdjco6jJArgbg4IAChtzVeW4debFa/NKBbsGedCjET316sjllWTQ==}
    engines: {node: ^20.19 || ^22.12 || >=24.0}
    peerDependencies:
      prisma: '*'
      typescript: '>=5.4.0'
    peerDependenciesMeta:
      prisma:
        optional: true
      typescript:
        optional: true

snapshots:

  '@prisma/client-runtime-utils@7.9.0': {}

  '@prisma/client@7.9.0':
    dependencies:
      '@prisma/client-runtime-utils': 7.9.0
